
Microsoft Visual Studio Solution File, Format Version 12.00
# Visual Studio Version 16
VisualStudioVersion = 16.0.29728.190
MinimumVisualStudioVersion = 10.0.40219.1
Project("{FAE04EC0-301F-11D3-BF4B-00C04F79EFBC}") = "Students.Data", "Students.Data.csproj", "{1BBFE62E-A93A-43F6-86FD-96F5BF1EEF63}"
EndProject
Project("{FAE04EC0-301F-11D3-BF4B-00C04F79EFBC}") = "Students.Repositery", "..\Student.Repositery\Students.Repositery.csproj", "{422DC5EB-9C56-4D46-A1DD-120C7F01A651}"
EndProject
Project("{FAE04EC0-301F-11D3-BF4B-00C04F79EFBC}") = "StudentList", "..\StudentList\StudentList.csproj", "{1559D8F0-645F-4E32-9151-526E7C15B42B}"
EndProject
Global
	GlobalSection(SolutionConfigurationPlatforms) = preSolution
		Debug|Any CPU = Debug|Any CPU
		Release|Any CPU = Release|Any CPU
	EndGlobalSection
	GlobalSection(ProjectConfigurationPlatforms) = postSolution
		{1BBFE62E-A93A-43F6-86FD-96F5BF1EEF63}.Debug|Any CPU.ActiveCfg = Debug|Any CPU
		{1BBFE62E-A93A-43F6-86FD-96F5BF1EEF63}.Debug|Any CPU.Build.0 = Debug|Any CPU
		{1BBFE62E-A93A-43F6-86FD-96F5BF1EEF63}.Release|Any CPU.ActiveCfg = Release|Any CPU
		{1BBFE62E-A93A-43F6-86FD-96F5BF1EEF63}.Release|Any CPU.Build.0 = Release|Any CPU
		{422DC5EB-9C56-4D46-A1DD-120C7F01A651}.Debug|Any CPU.ActiveCfg = Debug|Any CPU
		{422DC5EB-9C56-4D46-A1DD-120C7F01A651}.Debug|Any CPU.Build.0 = Debug|Any CPU
		{422DC5EB-9C56-4D46-A1DD-120C7F01A651}.Release|Any CPU.ActiveCfg = Release|Any CPU
		{422DC5EB-9C56-4D46-A1DD-120C7F01A651}.Release|Any CPU.Build.0 = Release|Any CPU
		{1559D8F0-645F-4E32-9151-526E7C15B42B}.Debug|Any CPU.ActiveCfg = Debug|Any CPU
		{1559D8F0-645F-4E32-9151-526E7C15B42B}.Debug|Any CPU.Build.0 = Debug|Any CPU
		{1559D8F0-645F-4E32-9151-526E7C15B42B}.Release|Any CPU.ActiveCfg = Release|Any CPU
		{1559D8F0-645F-4E32-9151-526E7C15B42B}.Release|Any CPU.Build.0 = Release|Any CPU
	EndGlobalSection
	GlobalSection(SolutionProperties) = preSolution
		HideSolutionNode = FALSE
	EndGlobalSection
	GlobalSection(ExtensibilityGlobals) = postSolution
		SolutionGuid = {0E701DF0-4635-4B27-8320-E4FF2DD44D0F}
	EndGlobalSection
EndGlobal
