
Microsoft Visual Studio Solution File, Format Version 12.00
# Visual Studio Version 16
VisualStudioVersion = 16.0.29728.190
MinimumVisualStudioVersion = 10.0.40219.1
Project("{9A19103F-16F7-4668-BE54-9A1E7A4F7556}") = "Students.Repositery", "Students.Repositery.csproj", "{CEFF81F4-22C3-4E2E-B319-236B18CD1AF3}"
EndProject
Project("{9A19103F-16F7-4668-BE54-9A1E7A4F7556}") = "Students.Data", "..\Students.Data\Students.Data.csproj", "{D1BC520E-A824-44CC-BA4D-35CBA2CFE377}"
EndProject
Project("{FAE04EC0-301F-11D3-BF4B-00C04F79EFBC}") = "StudentMangement", "..\StudentMangement\StudentMangement.csproj", "{CA3FF6CC-832B-44F4-9697-17EA049F1052}"
EndProject
Project("{FAE04EC0-301F-11D3-BF4B-00C04F79EFBC}") = "Account.Entity", "..\Account.Entity\Account.Entity.csproj", "{68DEB69F-7680-4293-A3A7-E1BFF2AF54C3}"
EndProject
Global
	GlobalSection(SolutionConfigurationPlatforms) = preSolution
		Debug|Any CPU = Debug|Any CPU
		Release|Any CPU = Release|Any CPU
	EndGlobalSection
	GlobalSection(ProjectConfigurationPlatforms) = postSolution
		{CEFF81F4-22C3-4E2E-B319-236B18CD1AF3}.Debug|Any CPU.ActiveCfg = Debug|Any CPU
		{CEFF81F4-22C3-4E2E-B319-236B18CD1AF3}.Debug|Any CPU.Build.0 = Debug|Any CPU
		{CEFF81F4-22C3-4E2E-B319-236B18CD1AF3}.Release|Any CPU.ActiveCfg = Release|Any CPU
		{CEFF81F4-22C3-4E2E-B319-236B18CD1AF3}.Release|Any CPU.Build.0 = Release|Any CPU
		{D1BC520E-A824-44CC-BA4D-35CBA2CFE377}.Debug|Any CPU.ActiveCfg = Debug|Any CPU
		{D1BC520E-A824-44CC-BA4D-35CBA2CFE377}.Debug|Any CPU.Build.0 = Debug|Any CPU
		{D1BC520E-A824-44CC-BA4D-35CBA2CFE377}.Release|Any CPU.ActiveCfg = Release|Any CPU
		{D1BC520E-A824-44CC-BA4D-35CBA2CFE377}.Release|Any CPU.Build.0 = Release|Any CPU
		{CA3FF6CC-832B-44F4-9697-17EA049F1052}.Debug|Any CPU.ActiveCfg = Debug|Any CPU
		{CA3FF6CC-832B-44F4-9697-17EA049F1052}.Debug|Any CPU.Build.0 = Debug|Any CPU
		{CA3FF6CC-832B-44F4-9697-17EA049F1052}.Release|Any CPU.ActiveCfg = Release|Any CPU
		{CA3FF6CC-832B-44F4-9697-17EA049F1052}.Release|Any CPU.Build.0 = Release|Any CPU
		{68DEB69F-7680-4293-A3A7-E1BFF2AF54C3}.Debug|Any CPU.ActiveCfg = Debug|Any CPU
		{68DEB69F-7680-4293-A3A7-E1BFF2AF54C3}.Debug|Any CPU.Build.0 = Debug|Any CPU
		{68DEB69F-7680-4293-A3A7-E1BFF2AF54C3}.Release|Any CPU.ActiveCfg = Release|Any CPU
		{68DEB69F-7680-4293-A3A7-E1BFF2AF54C3}.Release|Any CPU.Build.0 = Release|Any CPU
	EndGlobalSection
	GlobalSection(SolutionProperties) = preSolution
		HideSolutionNode = FALSE
	EndGlobalSection
	GlobalSection(ExtensibilityGlobals) = postSolution
		SolutionGuid = {F3476B20-3D4F-4C65-BC49-5EE19FDF7DEA}
	EndGlobalSection
EndGlobal
